
Microsoft Visual Studio Solution File, Format Version 12.00
# Visual Studio Version 17
VisualStudioVersion = 17.1.32104.313
MinimumVisualStudioVersion = 10.0.40219.1
Project("{FAE04EC0-301F-11D3-BF4B-00C04F79EFBC}") = "Lab6Wpf", "Lab6Wpf\Lab6Wpf.csproj", "{8F135980-DEDA-4BDF-A077-0D98C450D401}"
EndProject
Global
	GlobalSection(SolutionConfigurationPlatforms) = preSolution
		Debug|Any CPU = Debug|Any CPU
		Release|Any CPU = Release|Any CPU
	EndGlobalSection
	GlobalSection(ProjectConfigurationPlatforms) = postSolution
		{8F135980-DEDA-4BDF-A077-0D98C450D401}.Debug|Any CPU.ActiveCfg = Debug|Any CPU
		{8F135980-DEDA-4BDF-A077-0D98C450D401}.Debug|Any CPU.Build.0 = Debug|Any CPU
		{8F135980-DEDA-4BDF-A077-0D98C450D401}.Release|Any CPU.ActiveCfg = Release|Any CPU
		{8F135980-DEDA-4BDF-A077-0D98C450D401}.Release|Any CPU.Build.0 = Release|Any CPU
	EndGlobalSection
	GlobalSection(SolutionProperties) = preSolution
		HideSolutionNode = FALSE
	EndGlobalSection
	GlobalSection(ExtensibilityGlobals) = postSolution
		SolutionGuid = {E9303458-1F04-43BE-A4D9-F1730F01FD21}
	EndGlobalSection
EndGlobal
